
Microsoft Visual Studio Solution File, Format Version 12.00
# Visual Studio Version 16
VisualStudioVersion = 16.0.32228.343
MinimumVisualStudioVersion = 10.0.40219.1
Project("{FAE04EC0-301F-11D3-BF4B-00C04F79EFBC}") = "ListaCompra", "ListaCompra\ListaCompra.csproj", "{A57DA22E-6FAC-47BF-A521-D8D2C6020DC5}"
EndProject
Global
	GlobalSection(SolutionConfigurationPlatforms) = preSolution
		Debug|Any CPU = Debug|Any CPU
		Release|Any CPU = Release|Any CPU
	EndGlobalSection
	GlobalSection(ProjectConfigurationPlatforms) = postSolution
		{A57DA22E-6FAC-47BF-A521-D8D2C6020DC5}.Debug|Any CPU.ActiveCfg = Debug|Any CPU
		{A57DA22E-6FAC-47BF-A521-D8D2C6020DC5}.Debug|Any CPU.Build.0 = Debug|Any CPU
		{A57DA22E-6FAC-47BF-A521-D8D2C6020DC5}.Release|Any CPU.ActiveCfg = Release|Any CPU
		{A57DA22E-6FAC-47BF-A521-D8D2C6020DC5}.Release|Any CPU.Build.0 = Release|Any CPU
	EndGlobalSection
	GlobalSection(SolutionProperties) = preSolution
		HideSolutionNode = FALSE
	EndGlobalSection
	GlobalSection(ExtensibilityGlobals) = postSolution
		SolutionGuid = {3681CDE0-D364-4449-9B7E-ACF5A01D3FC3}
	EndGlobalSection
EndGlobal
